version: 6
environments:
  default:
    channels:
    - url: https://conda.anaconda.org/conda-forge/
    - url: https://conda.anaconda.org/bioconda/
    indexes:
    - https://pypi.org/simple
    packages:
      linux-64:
      - conda: https://conda.anaconda.org/conda-forge/linux-64/_libgcc_mutex-0.1-conda_forge.tar.bz2
      - conda: https://conda.anaconda.org/conda-forge/linux-64/_openmp_mutex-4.5-2_gnu.tar.bz2
      - conda: https://conda.anaconda.org/conda-forge/linux-64/bzip2-1.0.8-hda65f42_8.conda
      - conda: https://conda.anaconda.org/conda-forge/noarch/ca-certificates-2025.11.12-hbd8a1cb_0.conda
      - conda: https://conda.anaconda.org/conda-forge/linux-64/icu-75.1-he02047a_0.conda
      - conda: https://conda.anaconda.org/conda-forge/linux-64/ld_impl_linux-64-2.44-h1aa0949_5.conda
      - conda: https://conda.anaconda.org/conda-forge/linux-64/libexpat-2.7.1-hecca717_0.conda
      - conda: https://conda.anaconda.org/conda-forge/linux-64/libffi-3.5.2-h9ec8514_0.conda
      - conda: https://conda.anaconda.org/conda-forge/linux-64/libgcc-15.2.0-h767d61c_7.conda
      - conda: https://conda.anaconda.org/conda-forge/linux-64/libgcc-ng-15.2.0-h69a702a_7.conda
      - conda: https://conda.anaconda.org/conda-forge/linux-64/libgomp-15.2.0-h767d61c_7.conda
      - conda: https://conda.anaconda.org/conda-forge/linux-64/liblzma-5.8.1-hb9d3cd8_2.conda
      - conda: https://conda.anaconda.org/conda-forge/linux-64/libnsl-2.0.1-hb9d3cd8_1.conda
      - conda: https://conda.anaconda.org/conda-forge/linux-64/libsqlite-3.51.0-hee844dc_0.conda
      - conda: https://conda.anaconda.org/conda-forge/linux-64/libstdcxx-15.2.0-h8f9b012_7.conda
      - conda: https://conda.anaconda.org/conda-forge/linux-64/libstdcxx-ng-15.2.0-h4852527_7.conda
      - conda: https://conda.anaconda.org/conda-forge/linux-64/libuuid-2.41.2-he9a06e4_0.conda
      - conda: https://conda.anaconda.org/conda-forge/linux-64/libxcrypt-4.4.36-hd590300_1.conda
      - conda: https://conda.anaconda.org/conda-forge/linux-64/libzlib-1.3.1-hb9d3cd8_2.conda
      - conda: https://conda.anaconda.org/conda-forge/linux-64/ncurses-6.5-h2d0b736_3.conda
      - conda: https://conda.anaconda.org/conda-forge/linux-64/openssl-3.6.0-h26f9b46_0.conda
      - conda: https://conda.anaconda.org/conda-forge/linux-64/python-3.12.12-hd63d673_1_cpython.conda
      - conda: https://conda.anaconda.org/conda-forge/linux-64/readline-8.2-h8c095d6_2.conda
      - conda: https://conda.anaconda.org/conda-forge/linux-64/tk-8.6.13-noxft_hd72426e_102.conda
      - conda: https://conda.anaconda.org/conda-forge/noarch/tzdata-2025b-h78e105d_0.conda
      - conda: https://conda.anaconda.org/conda-forge/linux-64/uv-0.9.10-h76e24b7_0.conda
      - conda: https://conda.anaconda.org/conda-forge/linux-64/zstd-1.5.7-hb8e6e7a_2.conda
      - pypi: https://files.pythonhosted.org/packages/78/b6/6307fbef88d9b5ee7421e68d78a9f162e0da4900bc5f5793f6d3d0e34fb8/annotated_types-0.7.0-py3-none-any.whl
      - pypi: https://files.pythonhosted.org/packages/15/b3/9b1a8074496371342ec1e796a96f99c82c945a339cd81a8e73de28b4cf9e/anyio-4.11.0-py3-none-any.whl
      - pypi: https://files.pythonhosted.org/packages/20/c7/d72f9843d207a222a6471a019390470b075aff2aa7c5bba32b202f7a26de/boto3-1.41.1-py3-none-any.whl
      - pypi: https://files.pythonhosted.org/packages/05/e2/393c9aabe516dfd963113e8b777ece95eff921d83703b1b01d58047d9d43/botocore-1.41.1-py3-none-any.whl
      - pypi: https://files.pythonhosted.org/packages/70/7d/9bc192684cea499815ff478dfcdc13835ddf401365057044fb721ec6bddb/certifi-2025.11.12-py3-none-any.whl
      - pypi: https://files.pythonhosted.org/packages/78/2d/7fa73dfa841b5ac06c7b8855cfc18622132e365f5b81d02230333ff26e9e/cffi-2.0.0-cp312-cp312-manylinux2014_x86_64.manylinux_2_17_x86_64.whl
      - pypi: https://files.pythonhosted.org/packages/c0/10/d20b513afe03acc89ec33948320a5544d31f21b05368436d580dec4e234d/charset_normalizer-3.4.4-cp312-cp312-manylinux2014_x86_64.manylinux_2_17_x86_64.manylinux_2_28_x86_64.whl
      - pypi: https://files.pythonhosted.org/packages/c9/56/e7e69b427c3878352c2fb9b450bd0e19ed552753491d39d7d0a2f5226d41/cryptography-46.0.3-cp311-abi3-manylinux_2_28_x86_64.whl
      - pypi: https://files.pythonhosted.org/packages/04/4b/29cac41a4d98d144bf5f6d33995617b185d14b22401f75ca86f384e87ff1/h11-0.16.0-py3-none-any.whl
      - pypi: https://files.pythonhosted.org/packages/7e/f5/f66802a942d491edb555dd61e3a9961140fd64c90bce1eafd741609d334d/httpcore-1.0.9-py3-none-any.whl
      - pypi: https://files.pythonhosted.org/packages/2a/39/e50c7c3a983047577ee07d2a9e53faf5a69493943ec3f6a384bdc792deb2/httpx-0.28.1-py3-none-any.whl
      - pypi: https://files.pythonhosted.org/packages/0e/61/66938bbb5fc52dbdf84594873d5b51fb1f7c7794e9c0f5bd885f30bc507b/idna-3.11-py3-none-any.whl
      - pypi: https://files.pythonhosted.org/packages/31/b4/b9b800c45527aadd64d5b442f9b932b00648617eb5d63d2c7a6587b7cafc/jmespath-1.0.1-py3-none-any.whl
      - pypi: https://files.pythonhosted.org/packages/73/07/02e16ed01e04a374e644b575638ec7987ae846d25ad97bcc9945a3ee4b0e/jsonpatch-1.33-py2.py3-none-any.whl
      - pypi: https://files.pythonhosted.org/packages/71/92/5e77f98553e9e75130c78900d000368476aed74276eb8ae8796f65f00918/jsonpointer-3.0.0-py2.py3-none-any.whl
      - pypi: https://files.pythonhosted.org/packages/c1/e9/d9e23971c9d9286f78b58c298ab6a2bc10181040cb3c84aacb5091f0201d/langchain-1.0.8-py3-none-any.whl
      - pypi: https://files.pythonhosted.org/packages/f0/d0/3e7b87b929e95310a219206937f614796d266bfc5e4350c32c5d6502c183/langchain_core-1.0.7-py3-none-any.whl
      - pypi: https://files.pythonhosted.org/packages/84/a3/fdf6ecd0e44cb02d20afe7d0fb64c748a749f4b2e011bf9a785a32642367/langgraph-1.0.3-py3-none-any.whl
      - pypi: https://files.pythonhosted.org/packages/48/e3/616e3a7ff737d98c1bbb5700dd62278914e2a9ded09a79a1fa93cf24ce12/langgraph_checkpoint-3.0.1-py3-none-any.whl
      - pypi: https://files.pythonhosted.org/packages/87/5e/aeba4a5b39fe6e874e0dd003a82da71c7153e671312671a8dacc5cb7c1af/langgraph_prebuilt-1.0.5-py3-none-any.whl
      - pypi: https://files.pythonhosted.org/packages/66/05/b2d34e16638241e6f27a6946d28160d4b8b641383787646d41a3727e0896/langgraph_sdk-0.2.9-py3-none-any.whl
      - pypi: https://files.pythonhosted.org/packages/8b/26/bc3e723564c4fdcb623c43a7fd54db958f9deea0ce0f8da8a63fbc10e903/langsmith-0.4.45-py3-none-any.whl
      - pypi: https://files.pythonhosted.org/packages/63/8a/df50087a01096ec225588f93cc4e7b4da38eb2106651abf56bcbc9a51fa6/macro_flow-0.0.4-py3-none-any.whl
      - pypi: https://files.pythonhosted.org/packages/b6/23/2a1b231b8ff672b4c450dac27164a8b2ca7d9b7144f9c02d2396518352eb/numpy-2.3.5-cp312-cp312-manylinux_2_27_x86_64.manylinux_2_28_x86_64.whl
      - pypi: https://files.pythonhosted.org/packages/01/7e/62517dddcfce6d53a39543cd74d0dccfcbdf53967017c58af68822100272/orjson-3.11.4-cp312-cp312-manylinux_2_17_x86_64.manylinux2014_x86_64.whl
      - pypi: https://files.pythonhosted.org/packages/02/e3/9e93ca1065f2d4af035804a842b1ff3025bab580c7918239bb225cd1fee2/ormsgpack-1.12.0-cp312-cp312-manylinux_2_17_x86_64.manylinux2014_x86_64.whl
      - pypi: https://files.pythonhosted.org/packages/20/12/38679034af332785aac8774540895e234f4d07f7545804097de4b666afd8/packaging-25.0-py3-none-any.whl
      - pypi: https://files.pythonhosted.org/packages/e5/63/cd7d615331b328e287d8233ba9fdf191a9c2d11b6af0c7a59cfcec23de68/pandas-2.3.3-cp312-cp312-manylinux_2_24_x86_64.manylinux_2_28_x86_64.whl
      - pypi: https://files.pythonhosted.org/packages/64/29/d1d9f6b900191288b77613ddefb73ed35b48fb35e44aaf8b01b0422b759d/pdfminer_six-20251107-py3-none-any.whl
      - pypi: https://files.pythonhosted.org/packages/12/28/3958ed81a9be317610ab73df32f1968076751d651c84dff1bcb45b7c6c0e/pdfplumber-0.11.8-py3-none-any.whl
      - pypi: https://files.pythonhosted.org/packages/4f/87/424511bdcd02c8d7acf9f65caa09f291a519b16bd83c3fb3374b3d4ae951/pillow-12.0.0-cp312-cp312-manylinux_2_27_x86_64.manylinux_2_28_x86_64.whl
      - pypi: https://files.pythonhosted.org/packages/13/95/aec81f781c75cd10554dc17a25849c720d54feafb6f7847690478dcf5ef8/pyarrow-22.0.0-cp312-cp312-manylinux_2_28_x86_64.whl
      - pypi: https://files.pythonhosted.org/packages/a0/e3/59cd50310fc9b59512193629e1984c1f95e5c8ae6e5d8c69532ccc65a7fe/pycparser-2.23-py3-none-any.whl
      - pypi: https://files.pythonhosted.org/packages/82/2f/e68750da9b04856e2a7ec56fc6f034a5a79775e9b9a81882252789873798/pydantic-2.12.4-py3-none-any.whl
      - pypi: https://files.pythonhosted.org/packages/0d/76/941cc9f73529988688a665a5c0ecff1112b3d95ab48f81db5f7606f522d3/pydantic_core-2.41.5-cp312-cp312-manylinux_2_17_x86_64.manylinux2014_x86_64.whl
      - pypi: https://files.pythonhosted.org/packages/01/ed/e0cbbf7430d908108e135bd9fff8195876b3ed7402fbe2893b09e9f53b88/pypdfium2-5.0.0-py3-none-manylinux_2_17_x86_64.manylinux2014_x86_64.whl
      - pypi: https://files.pythonhosted.org/packages/ec/57/56b9bcc3c9c6a792fcbaf139543cee77261f3651ca9da0c93f5c1221264b/python_dateutil-2.9.0.post0-py2.py3-none-any.whl
      - pypi: https://files.pythonhosted.org/packages/14/1b/a298b06749107c305e1fe0f814c6c74aea7b2f1e10989cb30f544a1b3253/python_dotenv-1.2.1-py3-none-any.whl
      - pypi: https://files.pythonhosted.org/packages/81/c4/34e93fe5f5429d7570ec1fa436f1986fb1f00c3e0f43a589fe2bbcd22c3f/pytz-2025.2-py2.py3-none-any.whl
      - pypi: https://files.pythonhosted.org/packages/8b/9d/b3589d3877982d4f2329302ef98a8026e7f4443c765c46cfecc8858c6b4b/pyyaml-6.0.3-cp312-cp312-manylinux2014_x86_64.manylinux_2_17_x86_64.manylinux_2_28_x86_64.whl
      - pypi: https://files.pythonhosted.org/packages/1e/db/4254e3eabe8020b458f1a747140d32277ec7a271daf1d235b70dc0b4e6e3/requests-2.32.5-py3-none-any.whl
      - pypi: https://files.pythonhosted.org/packages/3f/51/d4db610ef29373b879047326cbf6fa98b6c1969d6f6dc423279de2b1be2c/requests_toolbelt-1.0.0-py2.py3-none-any.whl
      - pypi: https://files.pythonhosted.org/packages/5f/e1/5ef25f52973aa12a19cf4e1375d00932d7fb354ffd310487ba7d44225c1a/s3transfer-0.15.0-py3-none-any.whl
      - pypi: https://files.pythonhosted.org/packages/b7/ce/149a00dd41f10bc29e5921b496af8b574d8413afcd5e30dfa0ed46c2cc5e/six-1.17.0-py2.py3-none-any.whl
      - pypi: https://files.pythonhosted.org/packages/e9/44/75a9c9421471a6c4805dbf2356f7c181a29c1879239abab1ea2cc8f38b40/sniffio-1.3.1-py3-none-any.whl
      - pypi: https://files.pythonhosted.org/packages/e5/30/643397144bfbfec6f6ef821f36f33e57d35946c44a2352d3c9f0ae847619/tenacity-9.1.2-py3-none-any.whl
      - pypi: https://files.pythonhosted.org/packages/18/67/36e9267722cc04a6b9f15c7f3441c2363321a3ea07da7ae0c0707beb2a9c/typing_extensions-4.15.0-py3-none-any.whl
      - pypi: https://files.pythonhosted.org/packages/dc/9b/47798a6c91d8bdb567fe2698fe81e0c6b7cb7ef4d13da4114b41d239f65d/typing_inspection-0.4.2-py3-none-any.whl
      - pypi: https://files.pythonhosted.org/packages/5c/23/c7abc0ca0a1526a0774eca151daeb8de62ec457e77262b66b359c3c7679e/tzdata-2025.2-py2.py3-none-any.whl
      - pypi: https://files.pythonhosted.org/packages/a7/c2/fe1e52489ae3122415c51f387e221dd0773709bad6c6cdaa599e8a2c5185/urllib3-2.5.0-py3-none-any.whl
      - pypi: https://files.pythonhosted.org/packages/11/4f/426f91b96701ec2f37bb2b8cec664eff4f658a11f3fa9d94f0a887ea6d2b/xxhash-3.6.0-cp312-cp312-manylinux2014_x86_64.manylinux_2_17_x86_64.manylinux_2_28_x86_64.whl
      - pypi: https://files.pythonhosted.org/packages/53/60/7be26e610767316c028a2cbedb9a3beabdbe33e2182c373f71a1c0b88f36/zstandard-0.25.0-cp312-cp312-manylinux2014_x86_64.manylinux_2_17_x86_64.whl
packages:
- conda: https://conda.anaconda.org/conda-forge/linux-64/_libgcc_mutex-0.1-conda_forge.tar.bz2
  sha256: fe51de6107f9edc7aa4f786a70f4a883943bc9d39b3bb7307c04c41410990726
  md5: d7c89558ba9fa0495403155b64376d81
  license: None
  purls: []
  size: 2562
  timestamp: 1578324546067
- conda: https://conda.anaconda.org/conda-forge/linux-64/_openmp_mutex-4.5-2_gnu.tar.bz2
  build_number: 16
  sha256: fbe2c5e56a653bebb982eda4876a9178aedfc2b545f25d0ce9c4c0b508253d22
  md5: 73aaf86a425cc6e73fcf236a5a46396d
  depends:
  - _libgcc_mutex 0.1 conda_forge
  - libgomp >=7.5.0
  constrains:
  - openmp_impl 9999
  license: BSD-3-Clause
  license_family: BSD
  purls: []
  size: 23621
  timestamp: 1650670423406
- pypi: https://files.pythonhosted.org/packages/78/b6/6307fbef88d9b5ee7421e68d78a9f162e0da4900bc5f5793f6d3d0e34fb8/annotated_types-0.7.0-py3-none-any.whl
  name: annotated-types
  version: 0.7.0
  sha256: 1f02e8b43a8fbbc3f3e0d4f0f4bfc8131bcb4eebe8849b8e5c773f3a1c582a53
  requires_dist:
  - typing-extensions>=4.0.0 ; python_full_version < '3.9'
  requires_python: '>=3.8'
- pypi: https://files.pythonhosted.org/packages/15/b3/9b1a8074496371342ec1e796a96f99c82c945a339cd81a8e73de28b4cf9e/anyio-4.11.0-py3-none-any.whl
  name: anyio
  version: 4.11.0
  sha256: 0287e96f4d26d4149305414d4e3bc32f0dcd0862365a4bddea19d7a1ec38c4fc
  requires_dist:
  - exceptiongroup>=1.0.2 ; python_full_version < '3.11'
  - idna>=2.8
  - sniffio>=1.1
  - typing-extensions>=4.5 ; python_full_version < '3.13'
  - trio>=0.31.0 ; extra == 'trio'
  requires_python: '>=3.9'
- pypi: https://files.pythonhosted.org/packages/20/c7/d72f9843d207a222a6471a019390470b075aff2aa7c5bba32b202f7a26de/boto3-1.41.1-py3-none-any.whl
  name: boto3
  version: 1.41.1
  sha256: 05009dadcb0c63a2a4a11780f615362a811aa85e7a6950f2793ecf8055fcd1f2
  requires_dist:
  - botocore>=1.41.1,<1.42.0
  - jmespath>=0.7.1,<2.0.0
  - s3transfer>=0.15.0,<0.16.0
  - botocore[crt]>=1.21.0,<2.0a0 ; extra == 'crt'
  requires_python: '>=3.9'
- pypi: https://files.pythonhosted.org/packages/05/e2/393c9aabe516dfd963113e8b777ece95eff921d83703b1b01d58047d9d43/botocore-1.41.1-py3-none-any.whl
  name: botocore
  version: 1.41.1
  sha256: 0db40b7dbddef56fe8cfa06b5eda73b327786db9d64c09c3a616fc9b5548120d
  requires_dist:
  - jmespath>=0.7.1,<2.0.0
  - python-dateutil>=2.1,<3.0.0
  - urllib3>=1.25.4,<1.27 ; python_full_version < '3.10'
  - urllib3>=1.25.4,!=2.2.0,<3 ; python_full_version >= '3.10'
  - awscrt==0.28.4 ; extra == 'crt'
  requires_python: '>=3.9'
- conda: https://conda.anaconda.org/conda-forge/linux-64/bzip2-1.0.8-hda65f42_8.conda
  sha256: c30daba32ddebbb7ded490f0e371eae90f51e72db620554089103b4a6934b0d5
  md5: 51a19bba1b8ebfb60df25cde030b7ebc
  depends:
  - __glibc >=2.17,<3.0.a0
  - libgcc >=14
  license: bzip2-1.0.6
  license_family: BSD
  purls: []
  size: 260341
  timestamp: 1757437258798
- conda: https://conda.anaconda.org/conda-forge/noarch/ca-certificates-2025.11.12-hbd8a1cb_0.conda
  sha256: b986ba796d42c9d3265602bc038f6f5264095702dd546c14bc684e60c385e773
  md5: f0991f0f84902f6b6009b4d2350a83aa
  depends:
  - __unix
  license: ISC
  purls: []
  size: 152432
  timestamp: 1762967197890
- pypi: https://files.pythonhosted.org/packages/70/7d/9bc192684cea499815ff478dfcdc13835ddf401365057044fb721ec6bddb/certifi-2025.11.12-py3-none-any.whl
  name: certifi
  version: 2025.11.12
  sha256: 97de8790030bbd5c2d96b7ec782fc2f7820ef8dba6db909ccf95449f2d062d4b
  requires_python: '>=3.7'
- pypi: https://files.pythonhosted.org/packages/78/2d/7fa73dfa841b5ac06c7b8855cfc18622132e365f5b81d02230333ff26e9e/cffi-2.0.0-cp312-cp312-manylinux2014_x86_64.manylinux_2_17_x86_64.whl
  name: cffi
  version: 2.0.0
  sha256: 3e17ed538242334bf70832644a32a7aae3d83b57567f9fd60a26257e992b79ba
  requires_dist:
  - pycparser ; implementation_name != 'PyPy'
  requires_python: '>=3.9'
- pypi: https://files.pythonhosted.org/packages/c0/10/d20b513afe03acc89ec33948320a5544d31f21b05368436d580dec4e234d/charset_normalizer-3.4.4-cp312-cp312-manylinux2014_x86_64.manylinux_2_17_x86_64.manylinux_2_28_x86_64.whl
  name: charset-normalizer
  version: 3.4.4
  sha256: 11d694519d7f29d6cd09f6ac70028dba10f92f6cdd059096db198c283794ac86
  requires_python: '>=3.7'
- pypi: https://files.pythonhosted.org/packages/c9/56/e7e69b427c3878352c2fb9b450bd0e19ed552753491d39d7d0a2f5226d41/cryptography-46.0.3-cp311-abi3-manylinux_2_28_x86_64.whl
  name: cryptography
  version: 46.0.3
  sha256: a2c0cd47381a3229c403062f764160d57d4d175e022c1df84e168c6251a22eec
  requires_dist:
  - cffi>=1.14 ; python_full_version == '3.8.*' and platform_python_implementation != 'PyPy'
  - cffi>=2.0.0 ; python_full_version >= '3.9' and platform_python_implementation != 'PyPy'
  - typing-extensions>=4.13.2 ; python_full_version < '3.11'
  - bcrypt>=3.1.5 ; extra == 'ssh'
  - nox[uv]>=2024.4.15 ; extra == 'nox'
  - cryptography-vectors==46.0.3 ; extra == 'test'
  - pytest>=7.4.0 ; extra == 'test'
  - pytest-benchmark>=4.0 ; extra == 'test'
  - pytest-cov>=2.10.1 ; extra == 'test'
  - pytest-xdist>=3.5.0 ; extra == 'test'
  - pretend>=0.7 ; extra == 'test'
  - certifi>=2024 ; extra == 'test'
  - pytest-randomly ; extra == 'test-randomorder'
  - sphinx>=5.3.0 ; extra == 'docs'
  - sphinx-rtd-theme>=3.0.0 ; extra == 'docs'
  - sphinx-inline-tabs ; extra == 'docs'
  - pyenchant>=3 ; extra == 'docstest'
  - readme-renderer>=30.0 ; extra == 'docstest'
  - sphinxcontrib-spelling>=7.3.1 ; extra == 'docstest'
  - build>=1.0.0 ; extra == 'sdist'
  - ruff>=0.11.11 ; extra == 'pep8test'
  - mypy>=1.14 ; extra == 'pep8test'
  - check-sdist ; extra == 'pep8test'
  - click>=8.0.1 ; extra == 'pep8test'
  requires_python: '>=3.8,!=3.9.0,!=3.9.1'
- pypi: https://files.pythonhosted.org/packages/04/4b/29cac41a4d98d144bf5f6d33995617b185d14b22401f75ca86f384e87ff1/h11-0.16.0-py3-none-any.whl
  name: h11
  version: 0.16.0
  sha256: 63cf8bbe7522de3bf65932fda1d9c2772064ffb3dae62d55932da54b31cb6c86
  requires_python: '>=3.8'
- pypi: https://files.pythonhosted.org/packages/7e/f5/f66802a942d491edb555dd61e3a9961140fd64c90bce1eafd741609d334d/httpcore-1.0.9-py3-none-any.whl
  name: httpcore
  version: 1.0.9
  sha256: 2d400746a40668fc9dec9810239072b40b4484b640a8c38fd654a024c7a1bf55
  requires_dist:
  - certifi
  - h11>=0.16
  - anyio>=4.0,<5.0 ; extra == 'asyncio'
  - h2>=3,<5 ; extra == 'http2'
  - socksio==1.* ; extra == 'socks'
  - trio>=0.22.0,<1.0 ; extra == 'trio'
  requires_python: '>=3.8'
- pypi: https://files.pythonhosted.org/packages/2a/39/e50c7c3a983047577ee07d2a9e53faf5a69493943ec3f6a384bdc792deb2/httpx-0.28.1-py3-none-any.whl
  name: httpx
  version: 0.28.1
  sha256: d909fcccc110f8c7faf814ca82a9a4d816bc5a6dbfea25d6591d6985b8ba59ad
  requires_dist:
  - anyio
  - certifi
  - httpcore==1.*
  - idna
  - brotli ; platform_python_implementation == 'CPython' and extra == 'brotli'
  - brotlicffi ; platform_python_implementation != 'CPython' and extra == 'brotli'
  - click==8.* ; extra == 'cli'
  - pygments==2.* ; extra == 'cli'
  - rich>=10,<14 ; extra == 'cli'
  - h2>=3,<5 ; extra == 'http2'
  - socksio==1.* ; extra == 'socks'
  - zstandard>=0.18.0 ; extra == 'zstd'
  requires_python: '>=3.8'
- conda: https://conda.anaconda.org/conda-forge/linux-64/icu-75.1-he02047a_0.conda
  sha256: 71e750d509f5fa3421087ba88ef9a7b9be11c53174af3aa4d06aff4c18b38e8e
  md5: 8b189310083baabfb622af68fd9d3ae3
  depends:
  - __glibc >=2.17,<3.0.a0
  - libgcc-ng >=12
  - libstdcxx-ng >=12
  license: MIT
  license_family: MIT
  purls: []
  size: 12129203
  timestamp: 1720853576813
- pypi: https://files.pythonhosted.org/packages/0e/61/66938bbb5fc52dbdf84594873d5b51fb1f7c7794e9c0f5bd885f30bc507b/idna-3.11-py3-none-any.whl
  name: idna
  version: '3.11'
  sha256: 771a87f49d9defaf64091e6e6fe9c18d4833f140bd19464795bc32d966ca37ea
  requires_dist:
  - ruff>=0.6.2 ; extra == 'all'
  - mypy>=1.11.2 ; extra == 'all'
  - pytest>=8.3.2 ; extra == 'all'
  - flake8>=7.1.1 ; extra == 'all'
  requires_python: '>=3.8'
- pypi: https://files.pythonhosted.org/packages/31/b4/b9b800c45527aadd64d5b442f9b932b00648617eb5d63d2c7a6587b7cafc/jmespath-1.0.1-py3-none-any.whl
  name: jmespath
  version: 1.0.1
  sha256: 02e2e4cc71b5bcab88332eebf907519190dd9e6e82107fa7f83b1003a6252980
  requires_python: '>=3.7'
- pypi: https://files.pythonhosted.org/packages/73/07/02e16ed01e04a374e644b575638ec7987ae846d25ad97bcc9945a3ee4b0e/jsonpatch-1.33-py2.py3-none-any.whl
  name: jsonpatch
  version: '1.33'
  sha256: 0ae28c0cd062bbd8b8ecc26d7d164fbbea9652a1a3693f3b956c1eae5145dade
  requires_dist:
  - jsonpointer>=1.9
  requires_python: '>=2.7,!=3.0.*,!=3.1.*,!=3.2.*,!=3.3.*,!=3.4.*,!=3.5.*,!=3.6.*'
- pypi: https://files.pythonhosted.org/packages/71/92/5e77f98553e9e75130c78900d000368476aed74276eb8ae8796f65f00918/jsonpointer-3.0.0-py2.py3-none-any.whl
  name: jsonpointer
  version: 3.0.0
  sha256: 13e088adc14fca8b6aa8177c044e12701e6ad4b28ff10e65f2267a90109c9942
  requires_python: '>=3.7'
- pypi: https://files.pythonhosted.org/packages/c1/e9/d9e23971c9d9286f78b58c298ab6a2bc10181040cb3c84aacb5091f0201d/langchain-1.0.8-py3-none-any.whl
  name: langchain
  version: 1.0.8
  sha256: 4925bb402b83f49f652beee15c627bcd72a5a551452a0f6154869207564940d5
  requires_dist:
  - langchain-core>=1.0.6,<2.0.0
  - langgraph>=1.0.2,<1.1.0
  - pydantic>=2.7.4,<3.0.0
  - langchain-anthropic ; extra == 'anthropic'
  - langchain-aws ; extra == 'aws'
  - langchain-azure-ai ; extra == 'azure-ai'
  - langchain-community ; extra == 'community'
  - langchain-deepseek ; extra == 'deepseek'
  - langchain-fireworks ; extra == 'fireworks'
  - langchain-google-genai ; extra == 'google-genai'
  - langchain-google-vertexai ; extra == 'google-vertexai'
  - langchain-groq ; extra == 'groq'
  - langchain-huggingface ; extra == 'huggingface'
  - langchain-mistralai ; extra == 'mistralai'
  - langchain-model-profiles ; extra == 'model-profiles'
  - langchain-ollama ; extra == 'ollama'
  - langchain-openai ; extra == 'openai'
  - langchain-perplexity ; extra == 'perplexity'
  - langchain-together ; extra == 'together'
  - langchain-xai ; extra == 'xai'
  requires_python: '>=3.10.0,<4.0.0'
- pypi: https://files.pythonhosted.org/packages/f0/d0/3e7b87b929e95310a219206937f614796d266bfc5e4350c32c5d6502c183/langchain_core-1.0.7-py3-none-any.whl
  name: langchain-core
  version: 1.0.7
  sha256: 76af258b0e95a7915b8e301706a45ded50c75b80ff35329394d4df964416e32a
  requires_dist:
  - jsonpatch>=1.33.0,<2.0.0
  - langsmith>=0.3.45,<1.0.0
  - packaging>=23.2.0,<26.0.0
  - pydantic>=2.7.4,<3.0.0
  - pyyaml>=5.3.0,<7.0.0
  - tenacity>=8.1.0,!=8.4.0,<10.0.0
  - typing-extensions>=4.7.0,<5.0.0
  requires_python: '>=3.10.0,<4.0.0'
- pypi: https://files.pythonhosted.org/packages/84/a3/fdf6ecd0e44cb02d20afe7d0fb64c748a749f4b2e011bf9a785a32642367/langgraph-1.0.3-py3-none-any.whl
  name: langgraph
  version: 1.0.3
  sha256: 4a75146f09bd0d127a724876f4244f460c4c66353a993641bd641ed710cd010f
  requires_dist:
  - langchain-core>=0.1
  - langgraph-checkpoint>=2.1.0,<4.0.0
  - langgraph-prebuilt>=1.0.2,<1.1.0
  - langgraph-sdk>=0.2.2,<0.3.0
  - pydantic>=2.7.4
  - xxhash>=3.5.0
  requires_python: '>=3.10'
- pypi: https://files.pythonhosted.org/packages/48/e3/616e3a7ff737d98c1bbb5700dd62278914e2a9ded09a79a1fa93cf24ce12/langgraph_checkpoint-3.0.1-py3-none-any.whl
  name: langgraph-checkpoint
  version: 3.0.1
  sha256: 9b04a8d0edc0474ce4eaf30c5d731cee38f11ddff50a6177eead95b5c4e4220b
  requires_dist:
  - langchain-core>=0.2.38
  - ormsgpack>=1.12.0
  requires_python: '>=3.10'
- pypi: https://files.pythonhosted.org/packages/87/5e/aeba4a5b39fe6e874e0dd003a82da71c7153e671312671a8dacc5cb7c1af/langgraph_prebuilt-1.0.5-py3-none-any.whl
  name: langgraph-prebuilt
  version: 1.0.5
  sha256: 22369563e1848862ace53fbc11b027c28dd04a9ac39314633bb95f2a7e258496
  requires_dist:
  - langchain-core>=1.0.0
  - langgraph-checkpoint>=2.1.0,<4.0.0
  requires_python: '>=3.10'
- pypi: https://files.pythonhosted.org/packages/66/05/b2d34e16638241e6f27a6946d28160d4b8b641383787646d41a3727e0896/langgraph_sdk-0.2.9-py3-none-any.whl
  name: langgraph-sdk
  version: 0.2.9
  sha256: fbf302edadbf0fb343596f91c597794e936ef68eebc0d3e1d358b6f9f72a1429
  requires_dist:
  - httpx>=0.25.2
  - orjson>=3.10.1
  requires_python: '>=3.9'
- pypi: https://files.pythonhosted.org/packages/8b/26/bc3e723564c4fdcb623c43a7fd54db958f9deea0ce0f8da8a63fbc10e903/langsmith-0.4.45-py3-none-any.whl
  name: langsmith
  version: 0.4.45
  sha256: 6326ad2e66c24d47361b4338fbc23e7fee8da624b289921a9c164e15217ed8e2
  requires_dist:
  - httpx>=0.23.0,<1
  - orjson>=3.9.14 ; platform_python_implementation != 'PyPy'
  - packaging>=23.2
  - pydantic>=1,<3
  - requests-toolbelt>=1.0.0
  - requests>=2.0.0
  - zstandard>=0.23.0
  - claude-agent-sdk>=0.1.0 ; python_full_version >= '3.10' and extra == 'claude-agent-sdk'
  - langsmith-pyo3>=0.1.0rc2 ; extra == 'langsmith-pyo3'
  - openai-agents>=0.0.3 ; extra == 'openai-agents'
  - opentelemetry-api>=1.30.0 ; extra == 'otel'
  - opentelemetry-exporter-otlp-proto-http>=1.30.0 ; extra == 'otel'
  - opentelemetry-sdk>=1.30.0 ; extra == 'otel'
  - pytest>=7.0.0 ; extra == 'pytest'
  - rich>=13.9.4 ; extra == 'pytest'
  - vcrpy>=7.0.0 ; extra == 'pytest'
  - vcrpy>=7.0.0 ; extra == 'vcr'
  requires_python: '>=3.10'
- conda: https://conda.anaconda.org/conda-forge/linux-64/ld_impl_linux-64-2.44-h1aa0949_5.conda
  sha256: dab1fbf65abb05d3f2ee49dff90d60eeb2e02039fcb561343c7cea5dea523585
  md5: 511ed8935448c1875776b60ad3daf3a1
  depends:
  - __glibc >=2.17,<3.0.a0
  - zstd >=1.5.7,<1.6.0a0
  constrains:
  - binutils_impl_linux-64 2.44
  license: GPL-3.0-only
  purls: []
  size: 741516
  timestamp: 1762674665675
- conda: https://conda.anaconda.org/conda-forge/linux-64/libexpat-2.7.1-hecca717_0.conda
  sha256: da2080da8f0288b95dd86765c801c6e166c4619b910b11f9a8446fb852438dc2
  md5: 4211416ecba1866fab0c6470986c22d6
  depends:
  - __glibc >=2.17,<3.0.a0
  - libgcc >=14
  constrains:
  - expat 2.7.1.*
  license: MIT
  license_family: MIT
  purls: []
  size: 74811
  timestamp: 1752719572741
- conda: https://conda.anaconda.org/conda-forge/linux-64/libffi-3.5.2-h9ec8514_0.conda
  sha256: 25cbdfa65580cfab1b8d15ee90b4c9f1e0d72128f1661449c9a999d341377d54
  md5: 35f29eec58405aaf55e01cb470d8c26a
  depends:
  - __glibc >=2.17,<3.0.a0
  - libgcc >=14
  license: MIT
  license_family: MIT
  purls: []
  size: 57821
  timestamp: 1760295480630
- conda: https://conda.anaconda.org/conda-forge/linux-64/libgcc-15.2.0-h767d61c_7.conda
  sha256: 08f9b87578ab981c7713e4e6a7d935e40766e10691732bba376d4964562bcb45
  md5: c0374badb3a5d4b1372db28d19462c53
  depends:
  - __glibc >=2.17,<3.0.a0
  - _openmp_mutex >=4.5
  constrains:
  - libgomp 15.2.0 h767d61c_7
  - libgcc-ng ==15.2.0=*_7
  license: GPL-3.0-only WITH GCC-exception-3.1
  license_family: GPL
  purls: []
  size: 822552
  timestamp: 1759968052178
- conda: https://conda.anaconda.org/conda-forge/linux-64/libgcc-ng-15.2.0-h69a702a_7.conda
  sha256: 2045066dd8e6e58aaf5ae2b722fb6dfdbb57c862b5f34ac7bfb58c40ef39b6ad
  md5: 280ea6eee9e2ddefde25ff799c4f0363
  depends:
  - libgcc 15.2.0 h767d61c_7
  license: GPL-3.0-only WITH GCC-exception-3.1
  license_family: GPL
  purls: []
  size: 29313
  timestamp: 1759968065504
- conda: https://conda.anaconda.org/conda-forge/linux-64/libgomp-15.2.0-h767d61c_7.conda
  sha256: e9fb1c258c8e66ee278397b5822692527c5f5786d372fe7a869b900853f3f5ca
  md5: f7b4d76975aac7e5d9e6ad13845f92fe
  depends:
  - __glibc >=2.17,<3.0.a0
  license: GPL-3.0-only WITH GCC-exception-3.1
  license_family: GPL
  purls: []
  size: 447919
  timestamp: 1759967942498
- conda: https://conda.anaconda.org/conda-forge/linux-64/liblzma-5.8.1-hb9d3cd8_2.conda
  sha256: f2591c0069447bbe28d4d696b7fcb0c5bd0b4ac582769b89addbcf26fb3430d8
  md5: 1a580f7796c7bf6393fddb8bbbde58dc
  depends:
  - __glibc >=2.17,<3.0.a0
  - libgcc >=13
  constrains:
  - xz 5.8.1.*
  license: 0BSD
  purls: []
  size: 112894
  timestamp: 1749230047870
- conda: https://conda.anaconda.org/conda-forge/linux-64/libnsl-2.0.1-hb9d3cd8_1.conda
  sha256: 927fe72b054277cde6cb82597d0fcf6baf127dcbce2e0a9d8925a68f1265eef5
  md5: d864d34357c3b65a4b731f78c0801dc4
  depends:
  - __glibc >=2.17,<3.0.a0
  - libgcc >=13
  license: LGPL-2.1-only
  license_family: GPL
  purls: []
  size: 33731
  timestamp: 1750274110928
- conda: https://conda.anaconda.org/conda-forge/linux-64/libsqlite-3.51.0-hee844dc_0.conda
  sha256: 4c992dcd0e34b68f843e75406f7f303b1b97c248d18f3c7c330bdc0bc26ae0b3
  md5: 729a572a3ebb8c43933b30edcc628ceb
  depends:
  - __glibc >=2.17,<3.0.a0
  - icu >=75.1,<76.0a0
  - libgcc >=14
  - libzlib >=1.3.1,<2.0a0
  license: blessing
  purls: []
  size: 945576
  timestamp: 1762299687230
- conda: https://conda.anaconda.org/conda-forge/linux-64/libstdcxx-15.2.0-h8f9b012_7.conda
  sha256: 1b981647d9775e1cdeb2fab0a4dd9cd75a6b0de2963f6c3953dbd712f78334b3
  md5: 5b767048b1b3ee9a954b06f4084f93dc
  depends:
  - __glibc >=2.17,<3.0.a0
  - libgcc 15.2.0 h767d61c_7
  constrains:
  - libstdcxx-ng ==15.2.0=*_7
  license: GPL-3.0-only WITH GCC-exception-3.1
  license_family: GPL
  purls: []
  size: 3898269
  timestamp: 1759968103436
- conda: https://conda.anaconda.org/conda-forge/linux-64/libstdcxx-ng-15.2.0-h4852527_7.conda
  sha256: 024fd46ac3ea8032a5ec3ea7b91c4c235701a8bf0e6520fe5e6539992a6bd05f
  md5: f627678cf829bd70bccf141a19c3ad3e
  depends:
  - libstdcxx 15.2.0 h8f9b012_7
  license: GPL-3.0-only WITH GCC-exception-3.1
  license_family: GPL
  purls: []
  size: 29343
  timestamp: 1759968157195
- conda: https://conda.anaconda.org/conda-forge/linux-64/libuuid-2.41.2-he9a06e4_0.conda
  sha256: e5ec6d2ad7eef538ddcb9ea62ad4346fde70a4736342c4ad87bd713641eb9808
  md5: 80c07c68d2f6870250959dcc95b209d1
  depends:
  - __glibc >=2.17,<3.0.a0
  - libgcc >=14
  license: BSD-3-Clause
  license_family: BSD
  purls: []
  size: 37135
  timestamp: 1758626800002
- conda: https://conda.anaconda.org/conda-forge/linux-64/libxcrypt-4.4.36-hd590300_1.conda
  sha256: 6ae68e0b86423ef188196fff6207ed0c8195dd84273cb5623b85aa08033a410c
  md5: 5aa797f8787fe7a17d1b0821485b5adc
  depends:
  - libgcc-ng >=12
  license: LGPL-2.1-or-later
  purls: []
  size: 100393
  timestamp: 1702724383534
- conda: https://conda.anaconda.org/conda-forge/linux-64/libzlib-1.3.1-hb9d3cd8_2.conda
  sha256: d4bfe88d7cb447768e31650f06257995601f89076080e76df55e3112d4e47dc4
  md5: edb0dca6bc32e4f4789199455a1dbeb8
  depends:
  - __glibc >=2.17,<3.0.a0
  - libgcc >=13
  constrains:
  - zlib 1.3.1 *_2
  license: Zlib
  license_family: Other
  purls: []
  size: 60963
  timestamp: 1727963148474
- pypi: https://files.pythonhosted.org/packages/63/8a/df50087a01096ec225588f93cc4e7b4da38eb2106651abf56bcbc9a51fa6/macro_flow-0.0.4-py3-none-any.whl
  name: macro-flow
  version: 0.0.4
  sha256: 80a53bf3968ea17d08b9994f95cccde49467e42c1717b615cd22e8746d6ad25c
  requires_dist:
  - pandas
  - boto3
  - pyarrow
  - python-dotenv
  - requests
  - pdfplumber
  - langchain
  requires_python: '>=3.8'
- conda: https://conda.anaconda.org/conda-forge/linux-64/ncurses-6.5-h2d0b736_3.conda
  sha256: 3fde293232fa3fca98635e1167de6b7c7fda83caf24b9d6c91ec9eefb4f4d586
  md5: 47e340acb35de30501a76c7c799c41d7
  depends:
  - __glibc >=2.17,<3.0.a0
  - libgcc >=13
  license: X11 AND BSD-3-Clause
  purls: []
  size: 891641
  timestamp: 1738195959188
- pypi: https://files.pythonhosted.org/packages/b6/23/2a1b231b8ff672b4c450dac27164a8b2ca7d9b7144f9c02d2396518352eb/numpy-2.3.5-cp312-cp312-manylinux_2_27_x86_64.manylinux_2_28_x86_64.whl
  name: numpy
  version: 2.3.5
  sha256: 0d8163f43acde9a73c2a33605353a4f1bc4798745a8b1d73183b28e5b435ae28
  requires_python: '>=3.11'
- conda: https://conda.anaconda.org/conda-forge/linux-64/openssl-3.6.0-h26f9b46_0.conda
  sha256: a47271202f4518a484956968335b2521409c8173e123ab381e775c358c67fe6d
  md5: 9ee58d5c534af06558933af3c845a780
  depends:
  - __glibc >=2.17,<3.0.a0
  - ca-certificates
  - libgcc >=14
  license: Apache-2.0
  license_family: Apache
  purls: []
  size: 3165399
  timestamp: 1762839186699
- pypi: https://files.pythonhosted.org/packages/01/7e/62517dddcfce6d53a39543cd74d0dccfcbdf53967017c58af68822100272/orjson-3.11.4-cp312-cp312-manylinux_2_17_x86_64.manylinux2014_x86_64.whl
  name: orjson
  version: 3.11.4
  sha256: 97eb5942c7395a171cbfecc4ef6701fc3c403e762194683772df4c54cfbb2210
  requires_python: '>=3.9'
- pypi: https://files.pythonhosted.org/packages/02/e3/9e93ca1065f2d4af035804a842b1ff3025bab580c7918239bb225cd1fee2/ormsgpack-1.12.0-cp312-cp312-manylinux_2_17_x86_64.manylinux2014_x86_64.whl
  name: ormsgpack
  version: 1.12.0
  sha256: f19a1b27d169deb553c80fd10b589fc2be1fc14cee779fae79fcaf40db04de2b
  requires_python: '>=3.10'
- pypi: https://files.pythonhosted.org/packages/20/12/38679034af332785aac8774540895e234f4d07f7545804097de4b666afd8/packaging-25.0-py3-none-any.whl
  name: packaging
  version: '25.0'
  sha256: 29572ef2b1f17581046b3a2227d5c611fb25ec70ca1ba8554b24b0e69331a484
  requires_python: '>=3.8'
- pypi: https://files.pythonhosted.org/packages/e5/63/cd7d615331b328e287d8233ba9fdf191a9c2d11b6af0c7a59cfcec23de68/pandas-2.3.3-cp312-cp312-manylinux_2_24_x86_64.manylinux_2_28_x86_64.whl
  name: pandas
  version: 2.3.3
  sha256: b3d11d2fda7eb164ef27ffc14b4fcab16a80e1ce67e9f57e19ec0afaf715ba89
  requires_dist:
  - numpy>=1.22.4 ; python_full_version < '3.11'
  - numpy>=1.23.2 ; python_full_version == '3.11.*'
  - numpy>=1.26.0 ; python_full_version >= '3.12'
  - python-dateutil>=2.8.2
  - pytz>=2020.1
  - tzdata>=2022.7
  - hypothesis>=6.46.1 ; extra == 'test'
  - pytest>=7.3.2 ; extra == 'test'
  - pytest-xdist>=2.2.0 ; extra == 'test'
  - pyarrow>=10.0.1 ; extra == 'pyarrow'
  - bottleneck>=1.3.6 ; extra == 'performance'
  - numba>=0.56.4 ; extra == 'performance'
  - numexpr>=2.8.4 ; extra == 'performance'
  - scipy>=1.10.0 ; extra == 'computation'
  - xarray>=2022.12.0 ; extra == 'computation'
  - fsspec>=2022.11.0 ; extra == 'fss'
  - s3fs>=2022.11.0 ; extra == 'aws'
  - gcsfs>=2022.11.0 ; extra == 'gcp'
  - pandas-gbq>=0.19.0 ; extra == 'gcp'
  - odfpy>=1.4.1 ; extra == 'excel'
  - openpyxl>=3.1.0 ; extra == 'excel'
  - python-calamine>=0.1.7 ; extra == 'excel'
  - pyxlsb>=1.0.10 ; extra == 'excel'
  - xlrd>=2.0.1 ; extra == 'excel'
  - xlsxwriter>=3.0.5 ; extra == 'excel'
  - pyarrow>=10.0.1 ; extra == 'parquet'
  - pyarrow>=10.0.1 ; extra == 'feather'
  - tables>=3.8.0 ; extra == 'hdf5'
  - pyreadstat>=1.2.0 ; extra == 'spss'
  - sqlalchemy>=2.0.0 ; extra == 'postgresql'
  - psycopg2>=2.9.6 ; extra == 'postgresql'
  - adbc-driver-postgresql>=0.8.0 ; extra == 'postgresql'
  - sqlalchemy>=2.0.0 ; extra == 'mysql'
  - pymysql>=1.0.2 ; extra == 'mysql'
  - sqlalchemy>=2.0.0 ; extra == 'sql-other'
  - adbc-driver-postgresql>=0.8.0 ; extra == 'sql-other'
  - adbc-driver-sqlite>=0.8.0 ; extra == 'sql-other'
  - beautifulsoup4>=4.11.2 ; extra == 'html'
  - html5lib>=1.1 ; extra == 'html'
  - lxml>=4.9.2 ; extra == 'html'
  - lxml>=4.9.2 ; extra == 'xml'
  - matplotlib>=3.6.3 ; extra == 'plot'
  - jinja2>=3.1.2 ; extra == 'output-formatting'
  - tabulate>=0.9.0 ; extra == 'output-formatting'
  - pyqt5>=5.15.9 ; extra == 'clipboard'
  - qtpy>=2.3.0 ; extra == 'clipboard'
  - zstandard>=0.19.0 ; extra == 'compression'
  - dataframe-api-compat>=0.1.7 ; extra == 'consortium-standard'
  - adbc-driver-postgresql>=0.8.0 ; extra == 'all'
  - adbc-driver-sqlite>=0.8.0 ; extra == 'all'
  - beautifulsoup4>=4.11.2 ; extra == 'all'
  - bottleneck>=1.3.6 ; extra == 'all'
  - dataframe-api-compat>=0.1.7 ; extra == 'all'
  - fastparquet>=2022.12.0 ; extra == 'all'
  - fsspec>=2022.11.0 ; extra == 'all'
  - gcsfs>=2022.11.0 ; extra == 'all'
  - html5lib>=1.1 ; extra == 'all'
  - hypothesis>=6.46.1 ; extra == 'all'
  - jinja2>=3.1.2 ; extra == 'all'
  - lxml>=4.9.2 ; extra == 'all'
  - matplotlib>=3.6.3 ; extra == 'all'
  - numba>=0.56.4 ; extra == 'all'
  - numexpr>=2.8.4 ; extra == 'all'
  - odfpy>=1.4.1 ; extra == 'all'
  - openpyxl>=3.1.0 ; extra == 'all'
  - pandas-gbq>=0.19.0 ; extra == 'all'
  - psycopg2>=2.9.6 ; extra == 'all'
  - pyarrow>=10.0.1 ; extra == 'all'
  - pymysql>=1.0.2 ; extra == 'all'
  - pyqt5>=5.15.9 ; extra == 'all'
  - pyreadstat>=1.2.0 ; extra == 'all'
  - pytest>=7.3.2 ; extra == 'all'
  - pytest-xdist>=2.2.0 ; extra == 'all'
  - python-calamine>=0.1.7 ; extra == 'all'
  - pyxlsb>=1.0.10 ; extra == 'all'
  - qtpy>=2.3.0 ; extra == 'all'
  - scipy>=1.10.0 ; extra == 'all'
  - s3fs>=2022.11.0 ; extra == 'all'
  - sqlalchemy>=2.0.0 ; extra == 'all'
  - tables>=3.8.0 ; extra == 'all'
  - tabulate>=0.9.0 ; extra == 'all'
  - xarray>=2022.12.0 ; extra == 'all'
  - xlrd>=2.0.1 ; extra == 'all'
  - xlsxwriter>=3.0.5 ; extra == 'all'
  - zstandard>=0.19.0 ; extra == 'all'
  requires_python: '>=3.9'
- pypi: https://files.pythonhosted.org/packages/64/29/d1d9f6b900191288b77613ddefb73ed35b48fb35e44aaf8b01b0422b759d/pdfminer_six-20251107-py3-none-any.whl
  name: pdfminer-six
  version: '20251107'
  sha256: c09df33e4cbe6b26b2a79248a4ffcccafaa5c5d39c9fff0e6e81567f165b5401
  requires_dist:
  - charset-normalizer>=2.0.0
  - cryptography>=36.0.0
  - atheris ; python_full_version < '3.12' and extra == 'dev'
  - black ; extra == 'dev'
  - mypy==0.931 ; extra == 'dev'
  - nox ; extra == 'dev'
  - pytest ; extra == 'dev'
  - sphinx ; extra == 'docs'
  - sphinx-argparse ; extra == 'docs'
  - pillow ; extra == 'image'
  requires_python: '>=3.9'
- pypi: https://files.pythonhosted.org/packages/12/28/3958ed81a9be317610ab73df32f1968076751d651c84dff1bcb45b7c6c0e/pdfplumber-0.11.8-py3-none-any.whl
  name: pdfplumber
  version: 0.11.8
  sha256: 7dda117b8ed21bca9c8e7d7808fee2439f93c8bd6ea45989bfb1aead6dc3cad3
  requires_dist:
  - pdfminer-six==20251107
  - pillow>=9.1
  - pypdfium2>=4.18.0
  requires_python: '>=3.8'
- pypi: https://files.pythonhosted.org/packages/4f/87/424511bdcd02c8d7acf9f65caa09f291a519b16bd83c3fb3374b3d4ae951/pillow-12.0.0-cp312-cp312-manylinux_2_27_x86_64.manylinux_2_28_x86_64.whl
  name: pillow
  version: 12.0.0
  sha256: b87843e225e74576437fd5b6a4c2205d422754f84a06942cfaf1dc32243e45a8
  requires_dist:
  - furo ; extra == 'docs'
  - olefile ; extra == 'docs'
  - sphinx>=8.2 ; extra == 'docs'
  - sphinx-autobuild ; extra == 'docs'
  - sphinx-copybutton ; extra == 'docs'
  - sphinx-inline-tabs ; extra == 'docs'
  - sphinxext-opengraph ; extra == 'docs'
  - olefile ; extra == 'fpx'
  - olefile ; extra == 'mic'
  - arro3-compute ; extra == 'test-arrow'
  - arro3-core ; extra == 'test-arrow'
  - nanoarrow ; extra == 'test-arrow'
  - pyarrow ; extra == 'test-arrow'
  - check-manifest ; extra == 'tests'
  - coverage>=7.4.2 ; extra == 'tests'
  - defusedxml ; extra == 'tests'
  - markdown2 ; extra == 'tests'
  - olefile ; extra == 'tests'
  - packaging ; extra == 'tests'
  - pyroma>=5 ; extra == 'tests'
  - pytest ; extra == 'tests'
  - pytest-cov ; extra == 'tests'
  - pytest-timeout ; extra == 'tests'
  - pytest-xdist ; extra == 'tests'
  - trove-classifiers>=2024.10.12 ; extra == 'tests'
  - defusedxml ; extra == 'xmp'
  requires_python: '>=3.10'
- pypi: https://files.pythonhosted.org/packages/13/95/aec81f781c75cd10554dc17a25849c720d54feafb6f7847690478dcf5ef8/pyarrow-22.0.0-cp312-cp312-manylinux_2_28_x86_64.whl
  name: pyarrow
  version: 22.0.0
  sha256: c6c791b09c57ed76a18b03f2631753a4960eefbbca80f846da8baefc6491fcfe
  requires_python: '>=3.10'
- pypi: https://files.pythonhosted.org/packages/a0/e3/59cd50310fc9b59512193629e1984c1f95e5c8ae6e5d8c69532ccc65a7fe/pycparser-2.23-py3-none-any.whl
  name: pycparser
  version: '2.23'
  sha256: e5c6e8d3fbad53479cab09ac03729e0a9faf2bee3db8208a550daf5af81a5934
  requires_python: '>=3.8'
- pypi: https://files.pythonhosted.org/packages/82/2f/e68750da9b04856e2a7ec56fc6f034a5a79775e9b9a81882252789873798/pydantic-2.12.4-py3-none-any.whl
  name: pydantic
  version: 2.12.4
  sha256: 92d3d202a745d46f9be6df459ac5a064fdaa3c1c4cd8adcfa332ccf3c05f871e
  requires_dist:
  - annotated-types>=0.6.0
  - pydantic-core==2.41.5
  - typing-extensions>=4.14.1
  - typing-inspection>=0.4.2
  - email-validator>=2.0.0 ; extra == 'email'
  - tzdata ; python_full_version >= '3.9' and sys_platform == 'win32' and extra == 'timezone'
  requires_python: '>=3.9'
- pypi: https://files.pythonhosted.org/packages/0d/76/941cc9f73529988688a665a5c0ecff1112b3d95ab48f81db5f7606f522d3/pydantic_core-2.41.5-cp312-cp312-manylinux_2_17_x86_64.manylinux2014_x86_64.whl
  name: pydantic-core
  version: 2.41.5
  sha256: eceb81a8d74f9267ef4081e246ffd6d129da5d87e37a77c9bde550cb04870c1c
  requires_dist:
  - typing-extensions>=4.14.1
  requires_python: '>=3.9'
- pypi: https://files.pythonhosted.org/packages/01/ed/e0cbbf7430d908108e135bd9fff8195876b3ed7402fbe2893b09e9f53b88/pypdfium2-5.0.0-py3-none-manylinux_2_17_x86_64.manylinux2014_x86_64.whl
  name: pypdfium2
  version: 5.0.0
  sha256: 4445d83ae3c6688667feba568b7b390b948c4a06ab94e576ad3b029b5567b44c
  requires_python: '>=3.6'
- conda: https://conda.anaconda.org/conda-forge/linux-64/python-3.12.12-hd63d673_1_cpython.conda
  build_number: 1
  sha256: 39898d24769a848c057ab861052e50bdc266310a7509efa3514b840e85a2ae98
  md5: 5c00c8cea14ee8d02941cab9121dce41
  depends:
  - __glibc >=2.17,<3.0.a0
  - bzip2 >=1.0.8,<2.0a0
  - ld_impl_linux-64 >=2.36.1
  - libexpat >=2.7.1,<3.0a0
  - libffi >=3.5.2,<3.6.0a0
  - libgcc >=14
  - liblzma >=5.8.1,<6.0a0
  - libnsl >=2.0.1,<2.1.0a0
  - libsqlite >=3.50.4,<4.0a0
  - libuuid >=2.41.2,<3.0a0
  - libxcrypt >=4.4.36
  - libzlib >=1.3.1,<2.0a0
  - ncurses >=6.5,<7.0a0
  - openssl >=3.5.4,<4.0a0
  - readline >=8.2,<9.0a0
  - tk >=8.6.13,<8.7.0a0
  - tzdata
  constrains:
  - python_abi 3.12.* *_cp312
  license: Python-2.0
  purls: []
  size: 31537229
  timestamp: 1761176876216
- pypi: https://files.pythonhosted.org/packages/ec/57/56b9bcc3c9c6a792fcbaf139543cee77261f3651ca9da0c93f5c1221264b/python_dateutil-2.9.0.post0-py2.py3-none-any.whl
  name: python-dateutil
  version: 2.9.0.post0
  sha256: a8b2bc7bffae282281c8140a97d3aa9c14da0b136dfe83f850eea9a5f7470427
  requires_dist:
  - six>=1.5
  requires_python: '>=2.7,!=3.0.*,!=3.1.*,!=3.2.*'
- pypi: https://files.pythonhosted.org/packages/14/1b/a298b06749107c305e1fe0f814c6c74aea7b2f1e10989cb30f544a1b3253/python_dotenv-1.2.1-py3-none-any.whl
  name: python-dotenv
  version: 1.2.1
  sha256: b81ee9561e9ca4004139c6cbba3a238c32b03e4894671e181b671e8cb8425d61
  requires_dist:
  - click>=5.0 ; extra == 'cli'
  requires_python: '>=3.9'
- pypi: https://files.pythonhosted.org/packages/81/c4/34e93fe5f5429d7570ec1fa436f1986fb1f00c3e0f43a589fe2bbcd22c3f/pytz-2025.2-py2.py3-none-any.whl
  name: pytz
  version: '2025.2'
  sha256: 5ddf76296dd8c44c26eb8f4b6f35488f3ccbf6fbbd7adee0b7262d43f0ec2f00
- pypi: https://files.pythonhosted.org/packages/8b/9d/b3589d3877982d4f2329302ef98a8026e7f4443c765c46cfecc8858c6b4b/pyyaml-6.0.3-cp312-cp312-manylinux2014_x86_64.manylinux_2_17_x86_64.manylinux_2_28_x86_64.whl
  name: pyyaml
  version: 6.0.3
  sha256: ba1cc08a7ccde2d2ec775841541641e4548226580ab850948cbfda66a1befcdc
  requires_python: '>=3.8'
- conda: https://conda.anaconda.org/conda-forge/linux-64/readline-8.2-h8c095d6_2.conda
  sha256: 2d6d0c026902561ed77cd646b5021aef2d4db22e57a5b0178dfc669231e06d2c
  md5: 283b96675859b20a825f8fa30f311446
  depends:
  - libgcc >=13
  - ncurses >=6.5,<7.0a0
  license: GPL-3.0-only
  license_family: GPL
  purls: []
  size: 282480
  timestamp: 1740379431762
- pypi: https://files.pythonhosted.org/packages/1e/db/4254e3eabe8020b458f1a747140d32277ec7a271daf1d235b70dc0b4e6e3/requests-2.32.5-py3-none-any.whl
  name: requests
  version: 2.32.5
  sha256: 2462f94637a34fd532264295e186976db0f5d453d1cdd31473c85a6a161affb6
  requires_dist:
  - charset-normalizer>=2,<4
  - idna>=2.5,<4
  - urllib3>=1.21.1,<3
  - certifi>=2017.4.17
  - pysocks>=1.5.6,!=1.5.7 ; extra == 'socks'
  - chardet>=3.0.2,<6 ; extra == 'use-chardet-on-py3'
  requires_python: '>=3.9'
- pypi: https://files.pythonhosted.org/packages/3f/51/d4db610ef29373b879047326cbf6fa98b6c1969d6f6dc423279de2b1be2c/requests_toolbelt-1.0.0-py2.py3-none-any.whl
  name: requests-toolbelt
  version: 1.0.0
  sha256: cccfdd665f0a24fcf4726e690f65639d272bb0637b9b92dfd91a5568ccf6bd06
  requires_dist:
  - requests>=2.0.1,<3.0.0
  requires_python: '>=2.7,!=3.0.*,!=3.1.*,!=3.2.*,!=3.3.*'
- pypi: https://files.pythonhosted.org/packages/5f/e1/5ef25f52973aa12a19cf4e1375d00932d7fb354ffd310487ba7d44225c1a/s3transfer-0.15.0-py3-none-any.whl
  name: s3transfer
  version: 0.15.0
  sha256: 6f8bf5caa31a0865c4081186689db1b2534cef721d104eb26101de4b9d6a5852
  requires_dist:
  - botocore>=1.37.4,<2.0a0
  - botocore[crt]>=1.37.4,<2.0a0 ; extra == 'crt'
  requires_python: '>=3.9'
- pypi: https://files.pythonhosted.org/packages/b7/ce/149a00dd41f10bc29e5921b496af8b574d8413afcd5e30dfa0ed46c2cc5e/six-1.17.0-py2.py3-none-any.whl
  name: six
  version: 1.17.0
  sha256: 4721f391ed90541fddacab5acf947aa0d3dc7d27b2e1e8eda2be8970586c3274
  requires_python: '>=2.7,!=3.0.*,!=3.1.*,!=3.2.*'
- pypi: https://files.pythonhosted.org/packages/e9/44/75a9c9421471a6c4805dbf2356f7c181a29c1879239abab1ea2cc8f38b40/sniffio-1.3.1-py3-none-any.whl
  name: sniffio
  version: 1.3.1
  sha256: 2f6da418d1f1e0fddd844478f41680e794e6051915791a034ff65e5f100525a2
  requires_python: '>=3.7'
- pypi: https://files.pythonhosted.org/packages/e5/30/643397144bfbfec6f6ef821f36f33e57d35946c44a2352d3c9f0ae847619/tenacity-9.1.2-py3-none-any.whl
  name: tenacity
  version: 9.1.2
  sha256: f77bf36710d8b73a50b2dd155c97b870017ad21afe6ab300326b0371b3b05138
  requires_dist:
  - reno ; extra == 'doc'
  - sphinx ; extra == 'doc'
  - pytest ; extra == 'test'
  - tornado>=4.5 ; extra == 'test'
  - typeguard ; extra == 'test'
  requires_python: '>=3.9'
- conda: https://conda.anaconda.org/conda-forge/linux-64/tk-8.6.13-noxft_hd72426e_102.conda
  sha256: a84ff687119e6d8752346d1d408d5cf360dee0badd487a472aa8ddedfdc219e1
  md5: a0116df4f4ed05c303811a837d5b39d8
  depends:
  - __glibc >=2.17,<3.0.a0
  - libgcc >=13
  - libzlib >=1.3.1,<2.0a0
  license: TCL
  license_family: BSD
  purls: []
  size: 3285204
  timestamp: 1748387766691
- pypi: https://files.pythonhosted.org/packages/18/67/36e9267722cc04a6b9f15c7f3441c2363321a3ea07da7ae0c0707beb2a9c/typing_extensions-4.15.0-py3-none-any.whl
  name: typing-extensions
  version: 4.15.0
  sha256: f0fa19c6845758ab08074a0cfa8b7aecb71c999ca73d62883bc25cc018c4e548
  requires_python: '>=3.9'
- pypi: https://files.pythonhosted.org/packages/dc/9b/47798a6c91d8bdb567fe2698fe81e0c6b7cb7ef4d13da4114b41d239f65d/typing_inspection-0.4.2-py3-none-any.whl
  name: typing-inspection
  version: 0.4.2
  sha256: 4ed1cacbdc298c220f1bd249ed5287caa16f34d44ef4e9c3d0cbad5b521545e7
  requires_dist:
  - typing-extensions>=4.12.0
  requires_python: '>=3.9'
- pypi: https://files.pythonhosted.org/packages/5c/23/c7abc0ca0a1526a0774eca151daeb8de62ec457e77262b66b359c3c7679e/tzdata-2025.2-py2.py3-none-any.whl
  name: tzdata
  version: '2025.2'
  sha256: 1a403fada01ff9221ca8044d701868fa132215d84beb92242d9acd2147f667a8
  requires_python: '>=2'
- conda: https://conda.anaconda.org/conda-forge/noarch/tzdata-2025b-h78e105d_0.conda
  sha256: 5aaa366385d716557e365f0a4e9c3fca43ba196872abbbe3d56bb610d131e192
  md5: 4222072737ccff51314b5ece9c7d6f5a
  license: LicenseRef-Public-Domain
  purls: []
  size: 122968
  timestamp: 1742727099393
- pypi: https://files.pythonhosted.org/packages/a7/c2/fe1e52489ae3122415c51f387e221dd0773709bad6c6cdaa599e8a2c5185/urllib3-2.5.0-py3-none-any.whl
  name: urllib3
  version: 2.5.0
  sha256: e6b01673c0fa6a13e374b50871808eb3bf7046c4b125b216f6bf1cc604cff0dc
  requires_dist:
  - brotli>=1.0.9 ; platform_python_implementation == 'CPython' and extra == 'brotli'
  - brotlicffi>=0.8.0 ; platform_python_implementation != 'CPython' and extra == 'brotli'
  - h2>=4,<5 ; extra == 'h2'
  - pysocks>=1.5.6,!=1.5.7,<2.0 ; extra == 'socks'
  - zstandard>=0.18.0 ; extra == 'zstd'
  requires_python: '>=3.9'
- conda: https://conda.anaconda.org/conda-forge/linux-64/uv-0.9.10-h76e24b7_0.conda
  sha256: b926d266bce5f8c9734ecdfeab6739a06ca778771ab1739a549eb77227d8e952
  md5: 502e06bfb394fa379ad7bcea89f51e16
  depends:
  - libgcc >=14
  - libstdcxx >=14
  - libgcc >=14
  - __glibc >=2.17,<3.0.a0
  constrains:
  - __glibc >=2.17
  license: Apache-2.0 OR MIT
  size: 17090471
  timestamp: 1763412537330
- pypi: https://files.pythonhosted.org/packages/11/4f/426f91b96701ec2f37bb2b8cec664eff4f658a11f3fa9d94f0a887ea6d2b/xxhash-3.6.0-cp312-cp312-manylinux2014_x86_64.manylinux_2_17_x86_64.manylinux_2_28_x86_64.whl
  name: xxhash
  version: 3.6.0
  sha256: 49e03e6fe2cac4a1bc64952dd250cf0dbc5ef4ebb7b8d96bce82e2de163c82a2
  requires_python: '>=3.7'
- pypi: https://files.pythonhosted.org/packages/53/60/7be26e610767316c028a2cbedb9a3beabdbe33e2182c373f71a1c0b88f36/zstandard-0.25.0-cp312-cp312-manylinux2014_x86_64.manylinux_2_17_x86_64.whl
  name: zstandard
  version: 0.25.0
  sha256: 5a56ba0db2d244117ed744dfa8f6f5b366e14148e00de44723413b2f3938a902
  requires_dist:
  - cffi~=1.17 ; python_full_version < '3.14' and platform_python_implementation != 'PyPy' and extra == 'cffi'
  - cffi>=2.0.0b0 ; python_full_version >= '3.14' and platform_python_implementation != 'PyPy' and extra == 'cffi'
  requires_python: '>=3.9'
- conda: https://conda.anaconda.org/conda-forge/linux-64/zstd-1.5.7-hb8e6e7a_2.conda
  sha256: a4166e3d8ff4e35932510aaff7aa90772f84b4d07e9f6f83c614cba7ceefe0eb
  md5: 6432cb5d4ac0046c3ac0a8a0f95842f9
  depends:
  - __glibc >=2.17,<3.0.a0
  - libgcc >=13
  - libstdcxx >=13
  - libzlib >=1.3.1,<2.0a0
  license: BSD-3-Clause
  license_family: BSD
  purls: []
  size: 567578
  timestamp: 1742433379869
